
Microsoft Visual Studio Solution File, Format Version 12.00
# Visual Studio 15
VisualStudioVersion = 15.0.26730.16
MinimumVisualStudioVersion = 10.0.40219.1
Project("{FAE04EC0-301F-11D3-BF4B-00C04F79EFBC}") = "StudentLifeGame", "StudentLifeGame.csproj", "{B46A7BBA-E291-7077-3947-54AD6A4E295F}"
EndProject
Project("{FAE04EC0-301F-11D3-BF4B-00C04F79EFBC}") = "StudentLifeGame.Editor", "StudentLifeGame.Editor.csproj", "{01E7055F-6BEC-950A-3A39-B59249D9D466}"
EndProject
Global
	GlobalSection(SolutionConfigurationPlatforms) = preSolution
		Debug|Any CPU = Debug|Any CPU
		Release|Any CPU = Release|Any CPU
	EndGlobalSection
	GlobalSection(ProjectConfigurationPlatforms) = postSolution
		{B46A7BBA-E291-7077-3947-54AD6A4E295F}.Debug|Any CPU.ActiveCfg = Debug|Any CPU
		{B46A7BBA-E291-7077-3947-54AD6A4E295F}.Debug|Any CPU.Build.0 = Debug|Any CPU
		{B46A7BBA-E291-7077-3947-54AD6A4E295F}.Release|Any CPU.ActiveCfg = Release|Any CPU
		{B46A7BBA-E291-7077-3947-54AD6A4E295F}.Release|Any CPU.Build.0 = Release|Any CPU
		{01E7055F-6BEC-950A-3A39-B59249D9D466}.Debug|Any CPU.ActiveCfg = Debug|Any CPU
		{01E7055F-6BEC-950A-3A39-B59249D9D466}.Debug|Any CPU.Build.0 = Debug|Any CPU
		{01E7055F-6BEC-950A-3A39-B59249D9D466}.Release|Any CPU.ActiveCfg = Release|Any CPU
		{01E7055F-6BEC-950A-3A39-B59249D9D466}.Release|Any CPU.Build.0 = Release|Any CPU
	EndGlobalSection
	GlobalSection(SolutionProperties) = preSolution
		HideSolutionNode = FALSE
	EndGlobalSection
	GlobalSection(ExtensibilityGlobals) = postSolution
		SolutionGuid = {C72729E5-4697-48FD-B6C4-908BB793802C}
	EndGlobalSection
EndGlobal
